github.com/gorilla/mux v1.8.1 h1:TuBL49tXwgrFYWhqrNgrUNEY92u81SPhu7sTdzQEiWY=
github.com/gorilla/mux v1.8.1/go.mod h1:AKf9I4AEqPTmMytcMc0KkNouC66V3BtZ4qD5fmWSiMQ=
miniflux.app/v2 v2.2.14 h1:dU5nVpiW9xWJMsRYvd297yodKEdZW4hnzIrFEVY9zps=
miniflux.app/v2 v2.2.14/go.mod h1:84rpT/NN/1vcClVlQ90JVcVBcqefKqY2oN+fbbwSCCQ=
